
Microsoft Visual Studio Solution File, Format Version 12.00
# Visual Studio Version 16
VisualStudioVersion = 16.0.30428.66
MinimumVisualStudioVersion = 10.0.40219.1
Project("{9A19103F-16F7-4668-BE54-9A1E7A4F7556}") = "VRZ.EntityRepository.SDK", "VRZ.EntityRepository.SDK\VRZ.EntityRepository.SDK.csproj", "{00C9AA4D-D672-4827-A6C4-B219CFDF4C1D}"
EndProject
Project("{2150E333-8FDC-42A3-9474-1A3956D46DE8}") = "Solution Items", "Solution Items", "{5EB120FB-D66A-4D9E-9F97-64FA8A4EA4B4}"
	ProjectSection(SolutionItems) = preProject
		.editorconfig = .editorconfig
		..\.editorconfig = ..\.editorconfig
		..\.gitattributes = ..\.gitattributes
		.gitignore = .gitignore
		..\.gitignore = ..\.gitignore
		..\CONTRIBUTING.md = ..\CONTRIBUTING.md
		..\git-revision.sh = ..\git-revision.sh
		..\LICENSE.md = ..\LICENSE.md
		..\README.md = ..\README.md
	EndProjectSection
EndProject
Project("{FAE04EC0-301F-11D3-BF4B-00C04F79EFBC}") = "VRZ.EntityRepository.Tests.Unit", "VRZ.EntityRepository.Tests.Unit\VRZ.EntityRepository.Tests.Unit.csproj", "{40AA094F-1417-4C32-A0E6-5B5893D0FE47}"
EndProject
Project("{FAE04EC0-301F-11D3-BF4B-00C04F79EFBC}") = "VRZ.EntityRepository.Tests.Integration", "VRZ.EntityRepository.Tests.Integration\VRZ.EntityRepository.Tests.Integration.csproj", "{FBCBB378-BB8E-4A98-B024-8633F3D595FE}"
EndProject
Global
	GlobalSection(SolutionConfigurationPlatforms) = preSolution
		Debug|Any CPU = Debug|Any CPU
		Release|Any CPU = Release|Any CPU
	EndGlobalSection
	GlobalSection(ProjectConfigurationPlatforms) = postSolution
		{00C9AA4D-D672-4827-A6C4-B219CFDF4C1D}.Debug|Any CPU.ActiveCfg = Debug|Any CPU
		{00C9AA4D-D672-4827-A6C4-B219CFDF4C1D}.Debug|Any CPU.Build.0 = Debug|Any CPU
		{00C9AA4D-D672-4827-A6C4-B219CFDF4C1D}.Release|Any CPU.ActiveCfg = Release|Any CPU
		{00C9AA4D-D672-4827-A6C4-B219CFDF4C1D}.Release|Any CPU.Build.0 = Release|Any CPU
		{40AA094F-1417-4C32-A0E6-5B5893D0FE47}.Debug|Any CPU.ActiveCfg = Debug|Any CPU
		{40AA094F-1417-4C32-A0E6-5B5893D0FE47}.Debug|Any CPU.Build.0 = Debug|Any CPU
		{40AA094F-1417-4C32-A0E6-5B5893D0FE47}.Release|Any CPU.ActiveCfg = Release|Any CPU
		{40AA094F-1417-4C32-A0E6-5B5893D0FE47}.Release|Any CPU.Build.0 = Release|Any CPU
		{FBCBB378-BB8E-4A98-B024-8633F3D595FE}.Debug|Any CPU.ActiveCfg = Debug|Any CPU
		{FBCBB378-BB8E-4A98-B024-8633F3D595FE}.Debug|Any CPU.Build.0 = Debug|Any CPU
		{FBCBB378-BB8E-4A98-B024-8633F3D595FE}.Release|Any CPU.ActiveCfg = Release|Any CPU
		{FBCBB378-BB8E-4A98-B024-8633F3D595FE}.Release|Any CPU.Build.0 = Release|Any CPU
	EndGlobalSection
	GlobalSection(SolutionProperties) = preSolution
		HideSolutionNode = FALSE
	EndGlobalSection
	GlobalSection(ExtensibilityGlobals) = postSolution
		SolutionGuid = {681F44A8-DA0D-47BD-B106-85FCF8E5EB68}
	EndGlobalSection
EndGlobal
